
Microsoft Visual Studio Solution File, Format Version 12.00
# Visual Studio 15
VisualStudioVersion = 15.0.28307.572
MinimumVisualStudioVersion = 10.0.40219.1
Project("{FAE04EC0-301F-11D3-BF4B-00C04F79EFBC}") = "Wpf_QNLIS_Middleware", "Wpf_QNLIS_Middleware\Wpf_QNLIS_Middleware.csproj", "{3ACE1F56-7AE0-4D49-BDD0-797449972269}"
EndProject
Global
	GlobalSection(SolutionConfigurationPlatforms) = preSolution
		Debug|Any CPU = Debug|Any CPU
		Release|Any CPU = Release|Any CPU
	EndGlobalSection
	GlobalSection(ProjectConfigurationPlatforms) = postSolution
		{3ACE1F56-7AE0-4D49-BDD0-797449972269}.Debug|Any CPU.ActiveCfg = Debug|Any CPU
		{3ACE1F56-7AE0-4D49-BDD0-797449972269}.Debug|Any CPU.Build.0 = Debug|Any CPU
		{3ACE1F56-7AE0-4D49-BDD0-797449972269}.Release|Any CPU.ActiveCfg = Release|Any CPU
		{3ACE1F56-7AE0-4D49-BDD0-797449972269}.Release|Any CPU.Build.0 = Release|Any CPU
	EndGlobalSection
	GlobalSection(SolutionProperties) = preSolution
		HideSolutionNode = FALSE
	EndGlobalSection
	GlobalSection(ExtensibilityGlobals) = postSolution
		SolutionGuid = {CC286BC0-E607-46B4-8638-1AE05A2D5AE1}
	EndGlobalSection
EndGlobal
